// !$*UTF8*$!
{
	archiveVersion = 1;
	classes = {
	};
	objectVersion = 55;
	objects = {

/* Begin PBXBuildFile section */
		CC276994283E75E800F3DC67 /* AppDelegate.swift in Sources */ = {isa = PBXBuildFile; fileRef = CC276993283E75E800F3DC67 /* AppDelegate.swift */; };
		CC276996283E75E800F3DC67 /* SceneDelegate.swift in Sources */ = {isa = PBXBuildFile; fileRef = CC276995283E75E800F3DC67 /* SceneDelegate.swift */; };
		CC276998283E75E800F3DC67 /* MainViewController.swift in Sources */ = {isa = PBXBuildFile; fileRef = CC276997283E75E800F3DC67 /* MainViewController.swift */; };
		CC27699D283E75E900F3DC67 /* Assets.xcassets in Resources */ = {isa = PBXBuildFile; fileRef = CC27699C283E75E900F3DC67 /* Assets.xcassets */; };
		CC2769A0283E75E900F3DC67 /* LaunchScreen.storyboard in Resources */ = {isa = PBXBuildFile; fileRef = CC27699E283E75E900F3DC67 /* LaunchScreen.storyboard */; };
		CC30FC9D283EEBD5001DD80C /* MainMenuViewController.swift in Sources */ = {isa = PBXBuildFile; fileRef = CC30FC9C283EEBD5001DD80C /* MainMenuViewController.swift */; };
		CC30FCA0283EEE21001DD80C /* MainContentViewController.swift in Sources */ = {isa = PBXBuildFile; fileRef = CC30FC9F283EEE21001DD80C /* MainContentViewController.swift */; };
		CC30FCA2283EEEF5001DD80C /* Number+Scaling.swift in Sources */ = {isa = PBXBuildFile; fileRef = CC30FCA1283EEEF5001DD80C /* Number+Scaling.swift */; };
		CC30FCA7283EFA54001DD80C /* FileListContentViewController.swift in Sources */ = {isa = PBXBuildFile; fileRef = CC30FCA6283EFA54001DD80C /* FileListContentViewController.swift */; };
		CC30FCA9283F02EE001DD80C /* UserDefaultsBrowserViewController.swift in Sources */ = {isa = PBXBuildFile; fileRef = CC30FCA8283F02EE001DD80C /* UserDefaultsBrowserViewController.swift */; };
/* End PBXBuildFile section */

/* Begin PBXFileReference section */
		CC276990283E75E800F3DC67 /* App Xplorer.app */ = {isa = PBXFileReference; explicitFileType = wrapper.application; includeInIndex = 0; path = "App Xplorer.app"; sourceTree = BUILT_PRODUCTS_DIR; };
		CC276993283E75E800F3DC67 /* AppDelegate.swift */ = {isa = PBXFileReference; lastKnownFileType = sourcecode.swift; path = AppDelegate.swift; sourceTree = "<group>"; };
		CC276995283E75E800F3DC67 /* SceneDelegate.swift */ = {isa = PBXFileReference; lastKnownFileType = sourcecode.swift; path = SceneDelegate.swift; sourceTree = "<group>"; };
		CC276997283E75E800F3DC67 /* MainViewController.swift */ = {isa = PBXFileReference; lastKnownFileType = sourcecode.swift; path = MainViewController.swift; sourceTree = "<group>"; };
		CC27699C283E75E900F3DC67 /* Assets.xcassets */ = {isa = PBXFileReference; lastKnownFileType = folder.assetcatalog; path = Assets.xcassets; sourceTree = "<group>"; };
		CC27699F283E75E900F3DC67 /* Base */ = {isa = PBXFileReference; lastKnownFileType = file.storyboard; name = Base; path = Base.lproj/LaunchScreen.storyboard; sourceTree = "<group>"; };
		CC2769A1283E75E900F3DC67 /* Info.plist */ = {isa = PBXFileReference; lastKnownFileType = text.plist.xml; path = Info.plist; sourceTree = "<group>"; };
		CC30FC9B283EE58A001DD80C /* App Xplorer.entitlements */ = {isa = PBXFileReference; lastKnownFileType = text.plist.entitlements; path = "App Xplorer.entitlements"; sourceTree = "<group>"; };
		CC30FC9C283EEBD5001DD80C /* MainMenuViewController.swift */ = {isa = PBXFileReference; lastKnownFileType = sourcecode.swift; path = MainMenuViewController.swift; sourceTree = "<group>"; };
		CC30FC9F283EEE21001DD80C /* MainContentViewController.swift */ = {isa = PBXFileReference; lastKnownFileType = sourcecode.swift; path = MainContentViewController.swift; sourceTree = "<group>"; };
		CC30FCA1283EEEF5001DD80C /* Number+Scaling.swift */ = {isa = PBXFileReference; fileEncoding = 4; lastKnownFileType = sourcecode.swift; path = "Number+Scaling.swift"; sourceTree = "<group>"; };
		CC30FCA6283EFA54001DD80C /* FileListContentViewController.swift */ = {isa = PBXFileReference; lastKnownFileType = sourcecode.swift; path = FileListContentViewController.swift; sourceTree = "<group>"; };
		CC30FCA8283F02EE001DD80C /* UserDefaultsBrowserViewController.swift */ = {isa = PBXFileReference; lastKnownFileType = sourcecode.swift; path = UserDefaultsBrowserViewController.swift; sourceTree = "<group>"; };
/* End PBXFileReference section */

/* Begin PBXFrameworksBuildPhase section */
		CC27698D283E75E800F3DC67 /* Frameworks */ = {
			isa = PBXFrameworksBuildPhase;
			buildActionMask = 2147483647;
			files = (
			);
			runOnlyForDeploymentPostprocessing = 0;
		};
/* End PBXFrameworksBuildPhase section */

/* Begin PBXGroup section */
		CC276987283E75E800F3DC67 = {
			isa = PBXGroup;
			children = (
				CC276992283E75E800F3DC67 /* App Xplorer */,
				CC276991283E75E800F3DC67 /* Products */,
			);
			sourceTree = "<group>";
		};
		CC276991283E75E800F3DC67 /* Products */ = {
			isa = PBXGroup;
			children = (
				CC276990283E75E800F3DC67 /* App Xplorer.app */,
			);
			name = Products;
			sourceTree = "<group>";
		};
		CC276992283E75E800F3DC67 /* App Xplorer */ = {
			isa = PBXGroup;
			children = (
				CC30FC9E283EEBD9001DD80C /* Resources */,
				CC30FC9B283EE58A001DD80C /* App Xplorer.entitlements */,
				CC276993283E75E800F3DC67 /* AppDelegate.swift */,
				CC276995283E75E800F3DC67 /* SceneDelegate.swift */,
				CC276997283E75E800F3DC67 /* MainViewController.swift */,
				CC30FC9C283EEBD5001DD80C /* MainMenuViewController.swift */,
				CC30FC9F283EEE21001DD80C /* MainContentViewController.swift */,
				CC30FCA4283EF91D001DD80C /* File Viewer */,
				CC30FCA5283EF935001DD80C /* User Defaults Viewer */,
				CC30FCA3283EEEF8001DD80C /* Helpers */,
			);
			path = "App Xplorer";
			sourceTree = "<group>";
		};
		CC30FC9E283EEBD9001DD80C /* Resources */ = {
			isa = PBXGroup;
			children = (
				CC2769A1283E75E900F3DC67 /* Info.plist */,
				CC27699E283E75E900F3DC67 /* LaunchScreen.storyboard */,
				CC27699C283E75E900F3DC67 /* Assets.xcassets */,
			);
			path = Resources;
			sourceTree = "<group>";
		};
		CC30FCA3283EEEF8001DD80C /* Helpers */ = {
			isa = PBXGroup;
			children = (
				CC30FCA1283EEEF5001DD80C /* Number+Scaling.swift */,
			);
			path = Helpers;
			sourceTree = "<group>";
		};
		CC30FCA4283EF91D001DD80C /* File Viewer */ = {
			isa = PBXGroup;
			children = (
				CC30FCA6283EFA54001DD80C /* FileListContentViewController.swift */,
			);
			path = "File Viewer";
			sourceTree = "<group>";
		};
		CC30FCA5283EF935001DD80C /* User Defaults Viewer */ = {
			isa = PBXGroup;
			children = (
				CC30FCA8283F02EE001DD80C /* UserDefaultsBrowserViewController.swift */,
			);
			path = "User Defaults Viewer";
			sourceTree = "<group>";
		};
/* End PBXGroup section */

/* Begin PBXNativeTarget section */
		CC27698F283E75E800F3DC67 /* App Xplorer */ = {
			isa = PBXNativeTarget;
			buildConfigurationList = CC2769A4283E75E900F3DC67 /* Build configuration list for PBXNativeTarget "App Xplorer" */;
			buildPhases = (
				CC27698C283E75E800F3DC67 /* Sources */,
				CC27698D283E75E800F3DC67 /* Frameworks */,
				CC27698E283E75E800F3DC67 /* Resources */,
			);
			buildRules = (
			);
			dependencies = (
			);
			name = "App Xplorer";
			productName = "App Xplorer";
			productReference = CC276990283E75E800F3DC67 /* App Xplorer.app */;
			productType = "com.apple.product-type.application";
		};
/* End PBXNativeTarget section */

/* Begin PBXProject section */
		CC276988283E75E800F3DC67 /* Project object */ = {
			isa = PBXProject;
			attributes = {
				BuildIndependentTargetsInParallel = 1;
				LastSwiftUpdateCheck = 1340;
				LastUpgradeCheck = 1340;
				TargetAttributes = {
					CC27698F283E75E800F3DC67 = {
						CreatedOnToolsVersion = 13.4;
					};
				};
			};
			buildConfigurationList = CC27698B283E75E800F3DC67 /* Build configuration list for PBXProject "App Xplorer" */;
			compatibilityVersion = "Xcode 13.0";
			developmentRegion = en;
			hasScannedForEncodings = 0;
			knownRegions = (
				en,
				Base,
			);
			mainGroup = CC276987283E75E800F3DC67;
			productRefGroup = CC276991283E75E800F3DC67 /* Products */;
			projectDirPath = "";
			projectRoot = "";
			targets = (
				CC27698F283E75E800F3DC67 /* App Xplorer */,
			);
		};
/* End PBXProject section */

/* Begin PBXResourcesBuildPhase section */
		CC27698E283E75E800F3DC67 /* Resources */ = {
			isa = PBXResourcesBuildPhase;
			buildActionMask = 2147483647;
			files = (
				CC2769A0283E75E900F3DC67 /* LaunchScreen.storyboard in Resources */,
				CC27699D283E75E900F3DC67 /* Assets.xcassets in Resources */,
			);
			runOnlyForDeploymentPostprocessing = 0;
		};
/* End PBXResourcesBuildPhase section */

/* Begin PBXSourcesBuildPhase section */
		CC27698C283E75E800F3DC67 /* Sources */ = {
			isa = PBXSourcesBuildPhase;
			buildActionMask = 2147483647;
			files = (
				CC30FC9D283EEBD5001DD80C /* MainMenuViewController.swift in Sources */,
				CC276998283E75E800F3DC67 /* MainViewController.swift in Sources */,
				CC30FCA7283EFA54001DD80C /* FileListContentViewController.swift in Sources */,
				CC276994283E75E800F3DC67 /* AppDelegate.swift in Sources */,
				CC30FCA9283F02EE001DD80C /* UserDefaultsBrowserViewController.swift in Sources */,
				CC276996283E75E800F3DC67 /* SceneDelegate.swift in Sources */,
				CC30FCA2283EEEF5001DD80C /* Number+Scaling.swift in Sources */,
				CC30FCA0283EEE21001DD80C /* MainContentViewController.swift in Sources */,
			);
			runOnlyForDeploymentPostprocessing = 0;
		};
/* End PBXSourcesBuildPhase section */

/* Begin PBXVariantGroup section */
		CC27699E283E75E900F3DC67 /* LaunchScreen.storyboard */ = {
			isa = PBXVariantGroup;
			children = (
				CC27699F283E75E900F3DC67 /* Base */,
			);
			name = LaunchScreen.storyboard;
			sourceTree = "<group>";
		};
/* End PBXVariantGroup section */

/* Begin XCBuildConfiguration section */
		CC2769A2283E75E900F3DC67 /* Debug */ = {
			isa = XCBuildConfiguration;
			buildSettings = {
				ALWAYS_SEARCH_USER_PATHS = NO;
				CLANG_ANALYZER_NONNULL = YES;
				CLANG_ANALYZER_NUMBER_OBJECT_CONVERSION = YES_AGGRESSIVE;
				CLANG_CXX_LANGUAGE_STANDARD = "gnu++17";
				CLANG_ENABLE_MODULES = YES;
				CLANG_ENABLE_OBJC_ARC = YES;
				CLANG_ENABLE_OBJC_WEAK = YES;
				CLANG_WARN_BLOCK_CAPTURE_AUTORELEASING = YES;
				CLANG_WARN_BOOL_CONVERSION = YES;
				CLANG_WARN_COMMA = YES;
				CLANG_WARN_CONSTANT_CONVERSION = YES;
				CLANG_WARN_DEPRECATED_OBJC_IMPLEMENTATIONS = YES;
				CLANG_WARN_DIRECT_OBJC_ISA_USAGE = YES_ERROR;
				CLANG_WARN_DOCUMENTATION_COMMENTS = YES;
				CLANG_WARN_EMPTY_BODY = YES;
				CLANG_WARN_ENUM_CONVERSION = YES;
				CLANG_WARN_INFINITE_RECURSION = YES;
				CLANG_WARN_INT_CONVERSION = YES;
				CLANG_WARN_NON_LITERAL_NULL_CONVERSION = YES;
				CLANG_WARN_OBJC_IMPLICIT_RETAIN_SELF = YES;
				CLANG_WARN_OBJC_LITERAL_CONVERSION = YES;
				CLANG_WARN_OBJC_ROOT_CLASS = YES_ERROR;
				CLANG_WARN_QUOTED_INCLUDE_IN_FRAMEWORK_HEADER = YES;
				CLANG_WARN_RANGE_LOOP_ANALYSIS = YES;
				CLANG_WARN_STRICT_PROTOTYPES = YES;
				CLANG_WARN_SUSPICIOUS_MOVE = YES;
				CLANG_WARN_UNGUARDED_AVAILABILITY = YES_AGGRESSIVE;
				CLANG_WARN_UNREACHABLE_CODE = YES;
				CLANG_WARN__DUPLICATE_METHOD_MATCH = YES;
				COPY_PHASE_STRIP = NO;
				DEBUG_INFORMATION_FORMAT = dwarf;
				ENABLE_STRICT_OBJC_MSGSEND = YES;
				ENABLE_TESTABILITY = YES;
				GCC_C_LANGUAGE_STANDARD = gnu11;
				GCC_DYNAMIC_NO_PIC = NO;
				GCC_NO_COMMON_BLOCKS = YES;
				GCC_OPTIMIZATION_LEVEL = 0;
				GCC_PREPROCESSOR_DEFINITIONS = (
					"DEBUG=1",
					"$(inherited)",
				);
				GCC_WARN_64_TO_32_BIT_CONVERSION = YES;
				GCC_WARN_ABOUT_RETURN_TYPE = YES_ERROR;
				GCC_WARN_UNDECLARED_SELECTOR = YES;
				GCC_WARN_UNINITIALIZED_AUTOS = YES_AGGRESSIVE;
				GCC_WARN_UNUSED_FUNCTION = YES;
				GCC_WARN_UNUSED_VARIABLE = YES;
				IPHONEOS_DEPLOYMENT_TARGET = 15.5;
				MTL_ENABLE_DEBUG_INFO = INCLUDE_SOURCE;
				MTL_FAST_MATH = YES;
				ONLY_ACTIVE_ARCH = YES;
				SDKROOT = iphoneos;
				SWIFT_ACTIVE_COMPILATION_CONDITIONS = DEBUG;
				SWIFT_OPTIMIZATION_LEVEL = "-Onone";
			};
			name = Debug;
		};
		CC2769A3283E75E900F3DC67 /* Release */ = {
			isa = XCBuildConfiguration;
			buildSettings = {
				ALWAYS_SEARCH_USER_PATHS = NO;
				CLANG_ANALYZER_NONNULL = YES;
				CLANG_ANALYZER_NUMBER_OBJECT_CONVERSION = YES_AGGRESSIVE;
				CLANG_CXX_LANGUAGE_STANDARD = "gnu++17";
				CLANG_ENABLE_MODULES = YES;
				CLANG_ENABLE_OBJC_ARC = YES;
				CLANG_ENABLE_OBJC_WEAK = YES;
				CLANG_WARN_BLOCK_CAPTURE_AUTORELEASING = YES;
				CLANG_WARN_BOOL_CONVERSION = YES;
				CLANG_WARN_COMMA = YES;
				CLANG_WARN_CONSTANT_CONVERSION = YES;
				CLANG_WARN_DEPRECATED_OBJC_IMPLEMENTATIONS = YES;
				CLANG_WARN_DIRECT_OBJC_ISA_USAGE = YES_ERROR;
				CLANG_WARN_DOCUMENTATION_COMMENTS = YES;
				CLANG_WARN_EMPTY_BODY = YES;
				CLANG_WARN_ENUM_CONVERSION = YES;
				CLANG_WARN_INFINITE_RECURSION = YES;
				CLANG_WARN_INT_CONVERSION = YES;
				CLANG_WARN_NON_LITERAL_NULL_CONVERSION = YES;
				CLANG_WARN_OBJC_IMPLICIT_RETAIN_SELF = YES;
				CLANG_WARN_OBJC_LITERAL_CONVERSION = YES;
				CLANG_WARN_OBJC_ROOT_CLASS = YES_ERROR;
				CLANG_WARN_QUOTED_INCLUDE_IN_FRAMEWORK_HEADER = YES;
				CLANG_WARN_RANGE_LOOP_ANALYSIS = YES;
				CLANG_WARN_STRICT_PROTOTYPES = YES;
				CLANG_WARN_SUSPICIOUS_MOVE = YES;
				CLANG_WARN_UNGUARDED_AVAILABILITY = YES_AGGRESSIVE;
				CLANG_WARN_UNREACHABLE_CODE = YES;
				CLANG_WARN__DUPLICATE_METHOD_MATCH = YES;
				COPY_PHASE_STRIP = NO;
				DEBUG_INFORMATION_FORMAT = "dwarf-with-dsym";
				ENABLE_NS_ASSERTIONS = NO;
				ENABLE_STRICT_OBJC_MSGSEND = YES;
				GCC_C_LANGUAGE_STANDARD = gnu11;
				GCC_NO_COMMON_BLOCKS = YES;
				GCC_WARN_64_TO_32_BIT_CONVERSION = YES;
				GCC_WARN_ABOUT_RETURN_TYPE = YES_ERROR;
				GCC_WARN_UNDECLARED_SELECTOR = YES;
				GCC_WARN_UNINITIALIZED_AUTOS = YES_AGGRESSIVE;
				GCC_WARN_UNUSED_FUNCTION = YES;
				GCC_WARN_UNUSED_VARIABLE = YES;
				IPHONEOS_DEPLOYMENT_TARGET = 15.5;
				MTL_ENABLE_DEBUG_INFO = NO;
				MTL_FAST_MATH = YES;
				SDKROOT = iphoneos;
				SWIFT_COMPILATION_MODE = wholemodule;
				SWIFT_OPTIMIZATION_LEVEL = "-O";
				VALIDATE_PRODUCT = YES;
			};
			name = Release;
		};
		CC2769A5283E75E900F3DC67 /* Debug */ = {
			isa = XCBuildConfiguration;
			buildSettings = {
				ASSETCATALOG_COMPILER_APPICON_NAME = AppIcon;
				ASSETCATALOG_COMPILER_GLOBAL_ACCENT_COLOR_NAME = AccentColor;
				CODE_SIGN_ENTITLEMENTS = "App Xplorer/App Xplorer.entitlements";
				CODE_SIGN_STYLE = Automatic;
				CURRENT_PROJECT_VERSION = 1;
				DEVELOPMENT_TEAM = NFTL2336WY;
				GENERATE_INFOPLIST_FILE = YES;
				INFOPLIST_FILE = "App Xplorer/Resources/Info.plist";
				INFOPLIST_KEY_UIApplicationSupportsIndirectInputEvents = YES;
				INFOPLIST_KEY_UILaunchStoryboardName = LaunchScreen;
				INFOPLIST_KEY_UISupportedInterfaceOrientations_iPad = "UIInterfaceOrientationPortrait UIInterfaceOrientationPortraitUpsideDown UIInterfaceOrientationLandscapeLeft UIInterfaceOrientationLandscapeRight";
				INFOPLIST_KEY_UISupportedInterfaceOrientations_iPhone = "UIInterfaceOrientationPortrait UIInterfaceOrientationLandscapeLeft UIInterfaceOrientationLandscapeRight";
				IPHONEOS_DEPLOYMENT_TARGET = 15.0;
				LD_RUNPATH_SEARCH_PATHS = (
					"$(inherited)",
					"@executable_path/Frameworks",
				);
				MARKETING_VERSION = 1.0;
				PRODUCT_BUNDLE_IDENTIFIER = "com.ikyle.App-Xplorer";
				PRODUCT_NAME = "$(TARGET_NAME)";
				SUPPORTS_MACCATALYST = YES;
				SWIFT_EMIT_LOC_STRINGS = YES;
				SWIFT_VERSION = 5.0;
				TARGETED_DEVICE_FAMILY = "1,2,6";
			};
			name = Debug;
		};
		CC2769A6283E75E900F3DC67 /* Release */ = {
			isa = XCBuildConfiguration;
			buildSettings = {
				ASSETCATALOG_COMPILER_APPICON_NAME = AppIcon;
				ASSETCATALOG_COMPILER_GLOBAL_ACCENT_COLOR_NAME = AccentColor;
				CODE_SIGN_ENTITLEMENTS = "App Xplorer/App Xplorer.entitlements";
				CODE_SIGN_STYLE = Automatic;
				CURRENT_PROJECT_VERSION = 1;
				DEVELOPMENT_TEAM = NFTL2336WY;
				GENERATE_INFOPLIST_FILE = YES;
				INFOPLIST_FILE = "App Xplorer/Resources/Info.plist";
				INFOPLIST_KEY_UIApplicationSupportsIndirectInputEvents = YES;
				INFOPLIST_KEY_UILaunchStoryboardName = LaunchScreen;
				INFOPLIST_KEY_UISupportedInterfaceOrientations_iPad = "UIInterfaceOrientationPortrait UIInterfaceOrientationPortraitUpsideDown UIInterfaceOrientationLandscapeLeft UIInterfaceOrientationLandscapeRight";
				INFOPLIST_KEY_UISupportedInterfaceOrientations_iPhone = "UIInterfaceOrientationPortrait UIInterfaceOrientationLandscapeLeft UIInterfaceOrientationLandscapeRight";
				IPHONEOS_DEPLOYMENT_TARGET = 15.0;
				LD_RUNPATH_SEARCH_PATHS = (
					"$(inherited)",
					"@executable_path/Frameworks",
				);
				MARKETING_VERSION = 1.0;
				PRODUCT_BUNDLE_IDENTIFIER = "com.ikyle.App-Xplorer";
				PRODUCT_NAME = "$(TARGET_NAME)";
				SUPPORTS_MACCATALYST = YES;
				SWIFT_EMIT_LOC_STRINGS = YES;
				SWIFT_VERSION = 5.0;
				TARGETED_DEVICE_FAMILY = "1,2,6";
			};
			name = Release;
		};
/* End XCBuildConfiguration section */

/* Begin XCConfigurationList section */
		CC27698B283E75E800F3DC67 /* Build configuration list for PBXProject "App Xplorer" */ = {
			isa = XCConfigurationList;
			buildConfigurations = (
				CC2769A2283E75E900F3DC67 /* Debug */,
				CC2769A3283E75E900F3DC67 /* Release */,
			);
			defaultConfigurationIsVisible = 0;
			defaultConfigurationName = Release;
		};
		CC2769A4283E75E900F3DC67 /* Build configuration list for PBXNativeTarget "App Xplorer" */ = {
			isa = XCConfigurationList;
			buildConfigurations = (
				CC2769A5283E75E900F3DC67 /* Debug */,
				CC2769A6283E75E900F3DC67 /* Release */,
			);
			defaultConfigurationIsVisible = 0;
			defaultConfigurationName = Release;
		};
/* End XCConfigurationList section */
	};
	rootObject = CC276988283E75E800F3DC67 /* Project object */;
}
